
Microsoft Visual Studio Solution File, Format Version 12.00
# Visual Studio Version 17
VisualStudioVersion = 17.3.32929.385
MinimumVisualStudioVersion = 10.0.40219.1
Project("{FAE04EC0-301F-11D3-BF4B-00C04F79EFBC}") = "DataLayer", "src\DataLayer\DataLayer.csproj", "{6CFBF846-9630-47EA-9AFC-37B7334DE600}"
EndProject
Project("{2150E333-8FDC-42A3-9474-1A3956D46DE8}") = "src", "src", "{4D97CCE2-DE76-4D75-BB44-67D0249EAA83}"
EndProject
Project("{FAE04EC0-301F-11D3-BF4B-00C04F79EFBC}") = "Domain", "src\Domain\Domain.csproj", "{302764DB-8A2E-4966-8936-418EB174C670}"
EndProject
Project("{FAE04EC0-301F-11D3-BF4B-00C04F79EFBC}") = "API", "src\API\API.csproj", "{EB9721F4-9437-4EC1-8280-1394070F5E9A}"
EndProject
Global
	GlobalSection(SolutionConfigurationPlatforms) = preSolution
		Debug|Any CPU = Debug|Any CPU
		Release|Any CPU = Release|Any CPU
	EndGlobalSection
	GlobalSection(ProjectConfigurationPlatforms) = postSolution
		{6CFBF846-9630-47EA-9AFC-37B7334DE600}.Debug|Any CPU.ActiveCfg = Debug|Any CPU
		{6CFBF846-9630-47EA-9AFC-37B7334DE600}.Debug|Any CPU.Build.0 = Debug|Any CPU
		{6CFBF846-9630-47EA-9AFC-37B7334DE600}.Release|Any CPU.ActiveCfg = Release|Any CPU
		{6CFBF846-9630-47EA-9AFC-37B7334DE600}.Release|Any CPU.Build.0 = Release|Any CPU
		{302764DB-8A2E-4966-8936-418EB174C670}.Debug|Any CPU.ActiveCfg = Debug|Any CPU
		{302764DB-8A2E-4966-8936-418EB174C670}.Debug|Any CPU.Build.0 = Debug|Any CPU
		{302764DB-8A2E-4966-8936-418EB174C670}.Release|Any CPU.ActiveCfg = Release|Any CPU
		{302764DB-8A2E-4966-8936-418EB174C670}.Release|Any CPU.Build.0 = Release|Any CPU
		{EB9721F4-9437-4EC1-8280-1394070F5E9A}.Debug|Any CPU.ActiveCfg = Debug|Any CPU
		{EB9721F4-9437-4EC1-8280-1394070F5E9A}.Debug|Any CPU.Build.0 = Debug|Any CPU
		{EB9721F4-9437-4EC1-8280-1394070F5E9A}.Release|Any CPU.ActiveCfg = Release|Any CPU
		{EB9721F4-9437-4EC1-8280-1394070F5E9A}.Release|Any CPU.Build.0 = Release|Any CPU
	EndGlobalSection
	GlobalSection(SolutionProperties) = preSolution
		HideSolutionNode = FALSE
	EndGlobalSection
	GlobalSection(NestedProjects) = preSolution
		{6CFBF846-9630-47EA-9AFC-37B7334DE600} = {4D97CCE2-DE76-4D75-BB44-67D0249EAA83}
		{302764DB-8A2E-4966-8936-418EB174C670} = {4D97CCE2-DE76-4D75-BB44-67D0249EAA83}
		{EB9721F4-9437-4EC1-8280-1394070F5E9A} = {4D97CCE2-DE76-4D75-BB44-67D0249EAA83}
	EndGlobalSection
	GlobalSection(ExtensibilityGlobals) = postSolution
		SolutionGuid = {ED005A8C-DF59-479B-851C-822EF968AD49}
	EndGlobalSection
EndGlobal
